<Solution>
  <Project Path="MidiPlayer.Run.csproj" />
  <Project Path="MidiPlayer.Editor.csproj" />
  <Project Path="Assembly-CSharp.csproj" />
  <Project Path="MidiPlayer.Demo.csproj" />
  <Project Path="AdaptiveMusic.csproj" />
  <Project Path="AdaptiveMusic.Tests.csproj" />
  <Project Path="AdaptiveMusic.Editor.csproj" />
  <Project Path="Assembly-CSharp-Editor.csproj" />
</Solution>
